// !$*UTF8*$!
{
	archiveVersion = 1;
	classes = {
	};
	objectVersion = 50;
	objects = {

/* Begin PBXBuildFile section */
		621AE20A2368A6BC00F7B51C /* Context.swift in Sources */ = {isa = PBXBuildFile; fileRef = 621AE2092368A6BC00F7B51C /* Context.swift */; };
		621AE20C2368A6FA00F7B51C /* Factory.swift in Sources */ = {isa = PBXBuildFile; fileRef = 621AE20B2368A6FA00F7B51C /* Factory.swift */; };
		621AE20E2368A73900F7B51C /* LabelFactory.swift in Sources */ = {isa = PBXBuildFile; fileRef = 621AE20D2368A73900F7B51C /* LabelFactory.swift */; };
		626F57A7236C9DB2002CB962 /* AppExtensionError.swift in Sources */ = {isa = PBXBuildFile; fileRef = 626F57A6236C9DB2002CB962 /* AppExtensionError.swift */; };
		626F57A9236CA3D6002CB962 /* invalid.json in Resources */ = {isa = PBXBuildFile; fileRef = 626F57A8236CA3D6002CB962 /* invalid.json */; };
		62963B0A23677BAB009A85B3 /* AppExtensionLib.h in Headers */ = {isa = PBXBuildFile; fileRef = 62963B0823677BAB009A85B3 /* AppExtensionLib.h */; settings = {ATTRIBUTES = (Public, ); }; };
		62963B1723677C0C009A85B3 /* AppDelegate.swift in Sources */ = {isa = PBXBuildFile; fileRef = 62963B1623677C0C009A85B3 /* AppDelegate.swift */; };
		62963B1D23677C0F009A85B3 /* Assets.xcassets in Resources */ = {isa = PBXBuildFile; fileRef = 62963B1C23677C0F009A85B3 /* Assets.xcassets */; };
		62963B2023677C0F009A85B3 /* Preview Assets.xcassets in Resources */ = {isa = PBXBuildFile; fileRef = 62963B1F23677C0F009A85B3 /* Preview Assets.xcassets */; };
		62963B2323677C0F009A85B3 /* LaunchScreen.storyboard in Resources */ = {isa = PBXBuildFile; fileRef = 62963B2123677C0F009A85B3 /* LaunchScreen.storyboard */; };
		62963B2923677C43009A85B3 /* Node.swift in Sources */ = {isa = PBXBuildFile; fileRef = 62963B2823677C43009A85B3 /* Node.swift */; };
		62963B2D23677C6A009A85B3 /* label.json in Resources */ = {isa = PBXBuildFile; fileRef = 62963B2C23677C6A009A85B3 /* label.json */; };
		62963B3023677CF4009A85B3 /* ListViewController.swift in Sources */ = {isa = PBXBuildFile; fileRef = 62963B2F23677CF4009A85B3 /* ListViewController.swift */; };
		62963B3223677DE9009A85B3 /* ASTProcessor.swift in Sources */ = {isa = PBXBuildFile; fileRef = 62963B3123677DE9009A85B3 /* ASTProcessor.swift */; };
		62D8CA71236A0EE2002B71D4 /* PropertiesFactory.swift in Sources */ = {isa = PBXBuildFile; fileRef = 62D8CA70236A0EE2002B71D4 /* PropertiesFactory.swift */; };
/* End PBXBuildFile section */

/* Begin PBXContainerItemProxy section */
		62963B3323677F4F009A85B3 /* PBXContainerItemProxy */ = {
			isa = PBXContainerItemProxy;
			containerPortal = 62963AFC23677BAB009A85B3 /* Project object */;
			proxyType = 1;
			remoteGlobalIDString = 62963B0423677BAB009A85B3;
			remoteInfo = AppExtensionLib;
		};
/* End PBXContainerItemProxy section */

/* Begin PBXFileReference section */
		621AE2092368A6BC00F7B51C /* Context.swift */ = {isa = PBXFileReference; lastKnownFileType = sourcecode.swift; path = Context.swift; sourceTree = "<group>"; };
		621AE20B2368A6FA00F7B51C /* Factory.swift */ = {isa = PBXFileReference; lastKnownFileType = sourcecode.swift; path = Factory.swift; sourceTree = "<group>"; };
		621AE20D2368A73900F7B51C /* LabelFactory.swift */ = {isa = PBXFileReference; lastKnownFileType = sourcecode.swift; path = LabelFactory.swift; sourceTree = "<group>"; };
		626F57A6236C9DB2002CB962 /* AppExtensionError.swift */ = {isa = PBXFileReference; lastKnownFileType = sourcecode.swift; path = AppExtensionError.swift; sourceTree = "<group>"; };
		626F57A8236CA3D6002CB962 /* invalid.json */ = {isa = PBXFileReference; lastKnownFileType = text.json; path = invalid.json; sourceTree = "<group>"; };
		62963B0523677BAB009A85B3 /* AppExtensionLib.framework */ = {isa = PBXFileReference; explicitFileType = wrapper.framework; includeInIndex = 0; path = AppExtensionLib.framework; sourceTree = BUILT_PRODUCTS_DIR; };
		62963B0823677BAB009A85B3 /* AppExtensionLib.h */ = {isa = PBXFileReference; lastKnownFileType = sourcecode.c.h; path = AppExtensionLib.h; sourceTree = "<group>"; };
		62963B0923677BAB009A85B3 /* Info.plist */ = {isa = PBXFileReference; lastKnownFileType = text.plist.xml; path = Info.plist; sourceTree = "<group>"; };
		62963B1423677C0C009A85B3 /* Demo App.app */ = {isa = PBXFileReference; explicitFileType = wrapper.application; includeInIndex = 0; path = "Demo App.app"; sourceTree = BUILT_PRODUCTS_DIR; };
		62963B1623677C0C009A85B3 /* AppDelegate.swift */ = {isa = PBXFileReference; lastKnownFileType = sourcecode.swift; path = AppDelegate.swift; sourceTree = "<group>"; };
		62963B1C23677C0F009A85B3 /* Assets.xcassets */ = {isa = PBXFileReference; lastKnownFileType = folder.assetcatalog; path = Assets.xcassets; sourceTree = "<group>"; };
		62963B1F23677C0F009A85B3 /* Preview Assets.xcassets */ = {isa = PBXFileReference; lastKnownFileType = folder.assetcatalog; path = "Preview Assets.xcassets"; sourceTree = "<group>"; };
		62963B2223677C0F009A85B3 /* Base */ = {isa = PBXFileReference; lastKnownFileType = file.storyboard; name = Base; path = Base.lproj/LaunchScreen.storyboard; sourceTree = "<group>"; };
		62963B2423677C0F009A85B3 /* Info.plist */ = {isa = PBXFileReference; lastKnownFileType = text.plist.xml; path = Info.plist; sourceTree = "<group>"; };
		62963B2823677C43009A85B3 /* Node.swift */ = {isa = PBXFileReference; lastKnownFileType = sourcecode.swift; path = Node.swift; sourceTree = "<group>"; };
		62963B2C23677C6A009A85B3 /* label.json */ = {isa = PBXFileReference; lastKnownFileType = text.json; path = label.json; sourceTree = "<group>"; };
		62963B2F23677CF4009A85B3 /* ListViewController.swift */ = {isa = PBXFileReference; lastKnownFileType = sourcecode.swift; path = ListViewController.swift; sourceTree = "<group>"; };
		62963B3123677DE9009A85B3 /* ASTProcessor.swift */ = {isa = PBXFileReference; lastKnownFileType = sourcecode.swift; path = ASTProcessor.swift; sourceTree = "<group>"; };
		62D8CA70236A0EE2002B71D4 /* PropertiesFactory.swift */ = {isa = PBXFileReference; lastKnownFileType = sourcecode.swift; path = PropertiesFactory.swift; sourceTree = "<group>"; };
/* End PBXFileReference section */

/* Begin PBXFrameworksBuildPhase section */
		62963B0223677BAB009A85B3 /* Frameworks */ = {
			isa = PBXFrameworksBuildPhase;
			buildActionMask = 2147483647;
			files = (
			);
			runOnlyForDeploymentPostprocessing = 0;
		};
		62963B1123677C0C009A85B3 /* Frameworks */ = {
			isa = PBXFrameworksBuildPhase;
			buildActionMask = 2147483647;
			files = (
			);
			runOnlyForDeploymentPostprocessing = 0;
		};
/* End PBXFrameworksBuildPhase section */

/* Begin PBXGroup section */
		62963AFB23677BAB009A85B3 = {
			isa = PBXGroup;
			children = (
				62963B0723677BAB009A85B3 /* AppExtensionLib */,
				62963B1523677C0C009A85B3 /* Demo App */,
				62963B0623677BAB009A85B3 /* Products */,
			);
			sourceTree = "<group>";
		};
		62963B0623677BAB009A85B3 /* Products */ = {
			isa = PBXGroup;
			children = (
				62963B0523677BAB009A85B3 /* AppExtensionLib.framework */,
				62963B1423677C0C009A85B3 /* Demo App.app */,
			);
			name = Products;
			sourceTree = "<group>";
		};
		62963B0723677BAB009A85B3 /* AppExtensionLib */ = {
			isa = PBXGroup;
			children = (
				62963B0823677BAB009A85B3 /* AppExtensionLib.h */,
				62963B0923677BAB009A85B3 /* Info.plist */,
				62963B2823677C43009A85B3 /* Node.swift */,
				62963B3123677DE9009A85B3 /* ASTProcessor.swift */,
				621AE2092368A6BC00F7B51C /* Context.swift */,
				621AE20B2368A6FA00F7B51C /* Factory.swift */,
				621AE20D2368A73900F7B51C /* LabelFactory.swift */,
				62D8CA70236A0EE2002B71D4 /* PropertiesFactory.swift */,
				626F57A6236C9DB2002CB962 /* AppExtensionError.swift */,
			);
			path = AppExtensionLib;
			sourceTree = "<group>";
		};
		62963B1523677C0C009A85B3 /* Demo App */ = {
			isa = PBXGroup;
			children = (
				62963B2B23677C50009A85B3 /* JSON */,
				62963B2E23677CDB009A85B3 /* View Controllers */,
				62963B1623677C0C009A85B3 /* AppDelegate.swift */,
				62963B1C23677C0F009A85B3 /* Assets.xcassets */,
				62963B2123677C0F009A85B3 /* LaunchScreen.storyboard */,
				62963B2423677C0F009A85B3 /* Info.plist */,
				62963B1E23677C0F009A85B3 /* Preview Content */,
			);
			path = "Demo App";
			sourceTree = "<group>";
		};
		62963B1E23677C0F009A85B3 /* Preview Content */ = {
			isa = PBXGroup;
			children = (
				62963B1F23677C0F009A85B3 /* Preview Assets.xcassets */,
			);
			path = "Preview Content";
			sourceTree = "<group>";
		};
		62963B2B23677C50009A85B3 /* JSON */ = {
			isa = PBXGroup;
			children = (
				62963B2C23677C6A009A85B3 /* label.json */,
				626F57A8236CA3D6002CB962 /* invalid.json */,
			);
			path = JSON;
			sourceTree = "<group>";
		};
		62963B2E23677CDB009A85B3 /* View Controllers */ = {
			isa = PBXGroup;
			children = (
				62963B2F23677CF4009A85B3 /* ListViewController.swift */,
			);
			path = "View Controllers";
			sourceTree = "<group>";
		};
/* End PBXGroup section */

/* Begin PBXHeadersBuildPhase section */
		62963B0023677BAB009A85B3 /* Headers */ = {
			isa = PBXHeadersBuildPhase;
			buildActionMask = 2147483647;
			files = (
				62963B0A23677BAB009A85B3 /* AppExtensionLib.h in Headers */,
			);
			runOnlyForDeploymentPostprocessing = 0;
		};
/* End PBXHeadersBuildPhase section */

/* Begin PBXNativeTarget section */
		62963B0423677BAB009A85B3 /* AppExtensionLib */ = {
			isa = PBXNativeTarget;
			buildConfigurationList = 62963B0D23677BAB009A85B3 /* Build configuration list for PBXNativeTarget "AppExtensionLib" */;
			buildPhases = (
				62963B0023677BAB009A85B3 /* Headers */,
				62963B0123677BAB009A85B3 /* Sources */,
				62963B0223677BAB009A85B3 /* Frameworks */,
				62963B0323677BAB009A85B3 /* Resources */,
			);
			buildRules = (
			);
			dependencies = (
			);
			name = AppExtensionLib;
			productName = AppExtensionLib;
			productReference = 62963B0523677BAB009A85B3 /* AppExtensionLib.framework */;
			productType = "com.apple.product-type.framework";
		};
		62963B1323677C0C009A85B3 /* Demo App */ = {
			isa = PBXNativeTarget;
			buildConfigurationList = 62963B2523677C0F009A85B3 /* Build configuration list for PBXNativeTarget "Demo App" */;
			buildPhases = (
				62963B1023677C0C009A85B3 /* Sources */,
				62963B1123677C0C009A85B3 /* Frameworks */,
				62963B1223677C0C009A85B3 /* Resources */,
			);
			buildRules = (
			);
			dependencies = (
				62963B3423677F4F009A85B3 /* PBXTargetDependency */,
			);
			name = "Demo App";
			productName = "Demo App";
			productReference = 62963B1423677C0C009A85B3 /* Demo App.app */;
			productType = "com.apple.product-type.application";
		};
/* End PBXNativeTarget section */

/* Begin PBXProject section */
		62963AFC23677BAB009A85B3 /* Project object */ = {
			isa = PBXProject;
			attributes = {
				LastSwiftUpdateCheck = 1110;
				LastUpgradeCheck = 1110;
				ORGANIZATIONNAME = Shopify;
				TargetAttributes = {
					62963B0423677BAB009A85B3 = {
						CreatedOnToolsVersion = 11.1;
						LastSwiftMigration = 1110;
					};
					62963B1323677C0C009A85B3 = {
						CreatedOnToolsVersion = 11.1;
					};
				};
			};
			buildConfigurationList = 62963AFF23677BAB009A85B3 /* Build configuration list for PBXProject "AppExtensionLib" */;
			compatibilityVersion = "Xcode 9.3";
			developmentRegion = en;
			hasScannedForEncodings = 0;
			knownRegions = (
				en,
				Base,
			);
			mainGroup = 62963AFB23677BAB009A85B3;
			productRefGroup = 62963B0623677BAB009A85B3 /* Products */;
			projectDirPath = "";
			projectRoot = "";
			targets = (
				62963B1323677C0C009A85B3 /* Demo App */,
				62963B0423677BAB009A85B3 /* AppExtensionLib */,
			);
		};
/* End PBXProject section */

/* Begin PBXResourcesBuildPhase section */
		62963B0323677BAB009A85B3 /* Resources */ = {
			isa = PBXResourcesBuildPhase;
			buildActionMask = 2147483647;
			files = (
			);
			runOnlyForDeploymentPostprocessing = 0;
		};
		62963B1223677C0C009A85B3 /* Resources */ = {
			isa = PBXResourcesBuildPhase;
			buildActionMask = 2147483647;
			files = (
				62963B2323677C0F009A85B3 /* LaunchScreen.storyboard in Resources */,
				62963B2023677C0F009A85B3 /* Preview Assets.xcassets in Resources */,
				62963B2D23677C6A009A85B3 /* label.json in Resources */,
				626F57A9236CA3D6002CB962 /* invalid.json in Resources */,
				62963B1D23677C0F009A85B3 /* Assets.xcassets in Resources */,
			);
			runOnlyForDeploymentPostprocessing = 0;
		};
/* End PBXResourcesBuildPhase section */

/* Begin PBXSourcesBuildPhase section */
		62963B0123677BAB009A85B3 /* Sources */ = {
			isa = PBXSourcesBuildPhase;
			buildActionMask = 2147483647;
			files = (
				626F57A7236C9DB2002CB962 /* AppExtensionError.swift in Sources */,
				621AE20C2368A6FA00F7B51C /* Factory.swift in Sources */,
				621AE20A2368A6BC00F7B51C /* Context.swift in Sources */,
				62963B2923677C43009A85B3 /* Node.swift in Sources */,
				621AE20E2368A73900F7B51C /* LabelFactory.swift in Sources */,
				62963B3223677DE9009A85B3 /* ASTProcessor.swift in Sources */,
				62D8CA71236A0EE2002B71D4 /* PropertiesFactory.swift in Sources */,
			);
			runOnlyForDeploymentPostprocessing = 0;
		};
		62963B1023677C0C009A85B3 /* Sources */ = {
			isa = PBXSourcesBuildPhase;
			buildActionMask = 2147483647;
			files = (
				62963B1723677C0C009A85B3 /* AppDelegate.swift in Sources */,
				62963B3023677CF4009A85B3 /* ListViewController.swift in Sources */,
			);
			runOnlyForDeploymentPostprocessing = 0;
		};
/* End PBXSourcesBuildPhase section */

/* Begin PBXTargetDependency section */
		62963B3423677F4F009A85B3 /* PBXTargetDependency */ = {
			isa = PBXTargetDependency;
			target = 62963B0423677BAB009A85B3 /* AppExtensionLib */;
			targetProxy = 62963B3323677F4F009A85B3 /* PBXContainerItemProxy */;
		};
/* End PBXTargetDependency section */

/* Begin PBXVariantGroup section */
		62963B2123677C0F009A85B3 /* LaunchScreen.storyboard */ = {
			isa = PBXVariantGroup;
			children = (
				62963B2223677C0F009A85B3 /* Base */,
			);
			name = LaunchScreen.storyboard;
			sourceTree = "<group>";
		};
/* End PBXVariantGroup section */

/* Begin XCBuildConfiguration section */
		62963B0B23677BAB009A85B3 /* Debug */ = {
			isa = XCBuildConfiguration;
			buildSettings = {
				ALWAYS_SEARCH_USER_PATHS = NO;
				CLANG_ANALYZER_NONNULL = YES;
				CLANG_ANALYZER_NUMBER_OBJECT_CONVERSION = YES_AGGRESSIVE;
				CLANG_CXX_LANGUAGE_STANDARD = "gnu++14";
				CLANG_CXX_LIBRARY = "libc++";
				CLANG_ENABLE_MODULES = YES;
				CLANG_ENABLE_OBJC_ARC = YES;
				CLANG_ENABLE_OBJC_WEAK = YES;
				CLANG_WARN_BLOCK_CAPTURE_AUTORELEASING = YES;
				CLANG_WARN_BOOL_CONVERSION = YES;
				CLANG_WARN_COMMA = YES;
				CLANG_WARN_CONSTANT_CONVERSION = YES;
				CLANG_WARN_DEPRECATED_OBJC_IMPLEMENTATIONS = YES;
				CLANG_WARN_DIRECT_OBJC_ISA_USAGE = YES_ERROR;
				CLANG_WARN_DOCUMENTATION_COMMENTS = YES;
				CLANG_WARN_EMPTY_BODY = YES;
				CLANG_WARN_ENUM_CONVERSION = YES;
				CLANG_WARN_INFINITE_RECURSION = YES;
				CLANG_WARN_INT_CONVERSION = YES;
				CLANG_WARN_NON_LITERAL_NULL_CONVERSION = YES;
				CLANG_WARN_OBJC_IMPLICIT_RETAIN_SELF = YES;
				CLANG_WARN_OBJC_LITERAL_CONVERSION = YES;
				CLANG_WARN_OBJC_ROOT_CLASS = YES_ERROR;
				CLANG_WARN_RANGE_LOOP_ANALYSIS = YES;
				CLANG_WARN_STRICT_PROTOTYPES = YES;
				CLANG_WARN_SUSPICIOUS_MOVE = YES;
				CLANG_WARN_UNGUARDED_AVAILABILITY = YES_AGGRESSIVE;
				CLANG_WARN_UNREACHABLE_CODE = YES;
				CLANG_WARN__DUPLICATE_METHOD_MATCH = YES;
				COPY_PHASE_STRIP = NO;
				CURRENT_PROJECT_VERSION = 1;
				DEBUG_INFORMATION_FORMAT = dwarf;
				ENABLE_STRICT_OBJC_MSGSEND = YES;
				ENABLE_TESTABILITY = YES;
				GCC_C_LANGUAGE_STANDARD = gnu11;
				GCC_DYNAMIC_NO_PIC = NO;
				GCC_NO_COMMON_BLOCKS = YES;
				GCC_OPTIMIZATION_LEVEL = 0;
				GCC_PREPROCESSOR_DEFINITIONS = (
					"DEBUG=1",
					"$(inherited)",
				);
				GCC_WARN_64_TO_32_BIT_CONVERSION = YES;
				GCC_WARN_ABOUT_RETURN_TYPE = YES_ERROR;
				GCC_WARN_UNDECLARED_SELECTOR = YES;
				GCC_WARN_UNINITIALIZED_AUTOS = YES_AGGRESSIVE;
				GCC_WARN_UNUSED_FUNCTION = YES;
				GCC_WARN_UNUSED_VARIABLE = YES;
				IPHONEOS_DEPLOYMENT_TARGET = 13.1;
				MTL_ENABLE_DEBUG_INFO = INCLUDE_SOURCE;
				MTL_FAST_MATH = YES;
				ONLY_ACTIVE_ARCH = YES;
				SDKROOT = iphoneos;
				SWIFT_ACTIVE_COMPILATION_CONDITIONS = DEBUG;
				SWIFT_OPTIMIZATION_LEVEL = "-Onone";
				VERSIONING_SYSTEM = "apple-generic";
				VERSION_INFO_PREFIX = "";
			};
			name = Debug;
		};
		62963B0C23677BAB009A85B3 /* Release */ = {
			isa = XCBuildConfiguration;
			buildSettings = {
				ALWAYS_SEARCH_USER_PATHS = NO;
				CLANG_ANALYZER_NONNULL = YES;
				CLANG_ANALYZER_NUMBER_OBJECT_CONVERSION = YES_AGGRESSIVE;
				CLANG_CXX_LANGUAGE_STANDARD = "gnu++14";
				CLANG_CXX_LIBRARY = "libc++";
				CLANG_ENABLE_MODULES = YES;
				CLANG_ENABLE_OBJC_ARC = YES;
				CLANG_ENABLE_OBJC_WEAK = YES;
				CLANG_WARN_BLOCK_CAPTURE_AUTORELEASING = YES;
				CLANG_WARN_BOOL_CONVERSION = YES;
				CLANG_WARN_COMMA = YES;
				CLANG_WARN_CONSTANT_CONVERSION = YES;
				CLANG_WARN_DEPRECATED_OBJC_IMPLEMENTATIONS = YES;
				CLANG_WARN_DIRECT_OBJC_ISA_USAGE = YES_ERROR;
				CLANG_WARN_DOCUMENTATION_COMMENTS = YES;
				CLANG_WARN_EMPTY_BODY = YES;
				CLANG_WARN_ENUM_CONVERSION = YES;
				CLANG_WARN_INFINITE_RECURSION = YES;
				CLANG_WARN_INT_CONVERSION = YES;
				CLANG_WARN_NON_LITERAL_NULL_CONVERSION = YES;
				CLANG_WARN_OBJC_IMPLICIT_RETAIN_SELF = YES;
				CLANG_WARN_OBJC_LITERAL_CONVERSION = YES;
				CLANG_WARN_OBJC_ROOT_CLASS = YES_ERROR;
				CLANG_WARN_RANGE_LOOP_ANALYSIS = YES;
				CLANG_WARN_STRICT_PROTOTYPES = YES;
				CLANG_WARN_SUSPICIOUS_MOVE = YES;
				CLANG_WARN_UNGUARDED_AVAILABILITY = YES_AGGRESSIVE;
				CLANG_WARN_UNREACHABLE_CODE = YES;
				CLANG_WARN__DUPLICATE_METHOD_MATCH = YES;
				COPY_PHASE_STRIP = NO;
				CURRENT_PROJECT_VERSION = 1;
				DEBUG_INFORMATION_FORMAT = "dwarf-with-dsym";
				ENABLE_NS_ASSERTIONS = NO;
				ENABLE_STRICT_OBJC_MSGSEND = YES;
				GCC_C_LANGUAGE_STANDARD = gnu11;
				GCC_NO_COMMON_BLOCKS = YES;
				GCC_WARN_64_TO_32_BIT_CONVERSION = YES;
				GCC_WARN_ABOUT_RETURN_TYPE = YES_ERROR;
				GCC_WARN_UNDECLARED_SELECTOR = YES;
				GCC_WARN_UNINITIALIZED_AUTOS = YES_AGGRESSIVE;
				GCC_WARN_UNUSED_FUNCTION = YES;
				GCC_WARN_UNUSED_VARIABLE = YES;
				IPHONEOS_DEPLOYMENT_TARGET = 13.1;
				MTL_ENABLE_DEBUG_INFO = NO;
				MTL_FAST_MATH = YES;
				SDKROOT = iphoneos;
				SWIFT_COMPILATION_MODE = wholemodule;
				SWIFT_OPTIMIZATION_LEVEL = "-O";
				VALIDATE_PRODUCT = YES;
				VERSIONING_SYSTEM = "apple-generic";
				VERSION_INFO_PREFIX = "";
			};
			name = Release;
		};
		62963B0E23677BAB009A85B3 /* Debug */ = {
			isa = XCBuildConfiguration;
			buildSettings = {
				CLANG_ENABLE_MODULES = YES;
				CODE_SIGN_STYLE = Automatic;
				DEFINES_MODULE = YES;
				DYLIB_COMPATIBILITY_VERSION = 1;
				DYLIB_CURRENT_VERSION = 1;
				DYLIB_INSTALL_NAME_BASE = "@rpath";
				INFOPLIST_FILE = AppExtensionLib/Info.plist;
				INSTALL_PATH = "$(LOCAL_LIBRARY_DIR)/Frameworks";
				IPHONEOS_DEPLOYMENT_TARGET = 10.0;
				LD_RUNPATH_SEARCH_PATHS = (
					"$(inherited)",
					"@executable_path/Frameworks",
					"@loader_path/Frameworks",
				);
				PRODUCT_BUNDLE_IDENTIFIER = com.shopify.AppExtensionLib;
				PRODUCT_NAME = "$(TARGET_NAME:c99extidentifier)";
				SKIP_INSTALL = YES;
				SWIFT_OPTIMIZATION_LEVEL = "-Onone";
				SWIFT_VERSION = 5.0;
				TARGETED_DEVICE_FAMILY = "1,2";
			};
			name = Debug;
		};
		62963B0F23677BAB009A85B3 /* Release */ = {
			isa = XCBuildConfiguration;
			buildSettings = {
				CLANG_ENABLE_MODULES = YES;
				CODE_SIGN_STYLE = Automatic;
				DEFINES_MODULE = YES;
				DYLIB_COMPATIBILITY_VERSION = 1;
				DYLIB_CURRENT_VERSION = 1;
				DYLIB_INSTALL_NAME_BASE = "@rpath";
				INFOPLIST_FILE = AppExtensionLib/Info.plist;
				INSTALL_PATH = "$(LOCAL_LIBRARY_DIR)/Frameworks";
				IPHONEOS_DEPLOYMENT_TARGET = 10.0;
				LD_RUNPATH_SEARCH_PATHS = (
					"$(inherited)",
					"@executable_path/Frameworks",
					"@loader_path/Frameworks",
				);
				PRODUCT_BUNDLE_IDENTIFIER = com.shopify.AppExtensionLib;
				PRODUCT_NAME = "$(TARGET_NAME:c99extidentifier)";
				SKIP_INSTALL = YES;
				SWIFT_VERSION = 5.0;
				TARGETED_DEVICE_FAMILY = "1,2";
			};
			name = Release;
		};
		62963B2623677C0F009A85B3 /* Debug */ = {
			isa = XCBuildConfiguration;
			buildSettings = {
				ASSETCATALOG_COMPILER_APPICON_NAME = AppIcon;
				CODE_SIGN_STYLE = Automatic;
				DEVELOPMENT_ASSET_PATHS = "\"Demo App/Preview Content\"";
				ENABLE_PREVIEWS = YES;
				INFOPLIST_FILE = "Demo App/Info.plist";
				LD_RUNPATH_SEARCH_PATHS = (
					"$(inherited)",
					"@executable_path/Frameworks",
				);
				PRODUCT_BUNDLE_IDENTIFIER = "com.shopify.Demo-App";
				PRODUCT_NAME = "$(TARGET_NAME)";
				SWIFT_VERSION = 5.0;
				TARGETED_DEVICE_FAMILY = "1,2";
			};
			name = Debug;
		};
		62963B2723677C0F009A85B3 /* Release */ = {
			isa = XCBuildConfiguration;
			buildSettings = {
				ASSETCATALOG_COMPILER_APPICON_NAME = AppIcon;
				CODE_SIGN_STYLE = Automatic;
				DEVELOPMENT_ASSET_PATHS = "\"Demo App/Preview Content\"";
				ENABLE_PREVIEWS = YES;
				INFOPLIST_FILE = "Demo App/Info.plist";
				LD_RUNPATH_SEARCH_PATHS = (
					"$(inherited)",
					"@executable_path/Frameworks",
				);
				PRODUCT_BUNDLE_IDENTIFIER = "com.shopify.Demo-App";
				PRODUCT_NAME = "$(TARGET_NAME)";
				SWIFT_VERSION = 5.0;
				TARGETED_DEVICE_FAMILY = "1,2";
			};
			name = Release;
		};
/* End XCBuildConfiguration section */

/* Begin XCConfigurationList section */
		62963AFF23677BAB009A85B3 /* Build configuration list for PBXProject "AppExtensionLib" */ = {
			isa = XCConfigurationList;
			buildConfigurations = (
				62963B0B23677BAB009A85B3 /* Debug */,
				62963B0C23677BAB009A85B3 /* Release */,
			);
			defaultConfigurationIsVisible = 0;
			defaultConfigurationName = Release;
		};
		62963B0D23677BAB009A85B3 /* Build configuration list for PBXNativeTarget "AppExtensionLib" */ = {
			isa = XCConfigurationList;
			buildConfigurations = (
				62963B0E23677BAB009A85B3 /* Debug */,
				62963B0F23677BAB009A85B3 /* Release */,
			);
			defaultConfigurationIsVisible = 0;
			defaultConfigurationName = Release;
		};
		62963B2523677C0F009A85B3 /* Build configuration list for PBXNativeTarget "Demo App" */ = {
			isa = XCConfigurationList;
			buildConfigurations = (
				62963B2623677C0F009A85B3 /* Debug */,
				62963B2723677C0F009A85B3 /* Release */,
			);
			defaultConfigurationIsVisible = 0;
			defaultConfigurationName = Release;
		};
/* End XCConfigurationList section */
	};
	rootObject = 62963AFC23677BAB009A85B3 /* Project object */;
}
