// !$*UTF8*$!
{
	archiveVersion = 1;
	classes = {
	};
	objectVersion = 50;
	objects = {

/* Begin PBXBuildFile section */
		620AAFC92350DA9100841510 /* StringHelper.swift in Sources */ = {isa = PBXBuildFile; fileRef = 620AAFC82350DA9100841510 /* StringHelper.swift */; };
		62225843233D4A4D0095B6AC /* AppDelegate.swift in Sources */ = {isa = PBXBuildFile; fileRef = 62225842233D4A4D0095B6AC /* AppDelegate.swift */; };
		62225845233D4A4D0095B6AC /* ListViewController.swift in Sources */ = {isa = PBXBuildFile; fileRef = 62225844233D4A4D0095B6AC /* ListViewController.swift */; };
		6222584A233D4A4F0095B6AC /* Assets.xcassets in Resources */ = {isa = PBXBuildFile; fileRef = 62225849233D4A4F0095B6AC /* Assets.xcassets */; };
		6222584D233D4A4F0095B6AC /* LaunchScreen.storyboard in Resources */ = {isa = PBXBuildFile; fileRef = 6222584B233D4A4F0095B6AC /* LaunchScreen.storyboard */; };
		62406A6E234BAC9500136E15 /* Label.swift in Sources */ = {isa = PBXBuildFile; fileRef = 62406A6D234BAC9500136E15 /* Label.swift */; };
		62406A70234BAFBB00136E15 /* ScarletUILabel.swift in Sources */ = {isa = PBXBuildFile; fileRef = 62406A6F234BAFBB00136E15 /* ScarletUILabel.swift */; };
		62406A72234BB12D00136E15 /* labels.json in Resources */ = {isa = PBXBuildFile; fileRef = 62406A71234BB12D00136E15 /* labels.json */; };
		624538CE23429805006C298B /* textfield_with_button.json in Resources */ = {isa = PBXBuildFile; fileRef = 624538CD23429805006C298B /* textfield_with_button.json */; };
		625BD09B234E1FFF00C72258 /* Card.swift in Sources */ = {isa = PBXBuildFile; fileRef = 625BD09A234E1FFF00C72258 /* Card.swift */; };
		625BD09D234E22FD00C72258 /* cards.json in Resources */ = {isa = PBXBuildFile; fileRef = 625BD09C234E22FD00C72258 /* cards.json */; };
		625BD09F234E23B300C72258 /* ScarletUICard.swift in Sources */ = {isa = PBXBuildFile; fileRef = 625BD09E234E23B300C72258 /* ScarletUICard.swift */; };
		625BD0A2234E2FC900C72258 /* LabelType.swift in Sources */ = {isa = PBXBuildFile; fileRef = 625BD0A1234E2FC900C72258 /* LabelType.swift */; };
		625E3A32234BCDF100448E2C /* checkboxes.json in Resources */ = {isa = PBXBuildFile; fileRef = 625E3A31234BCDF100448E2C /* checkboxes.json */; };
		625E3A34234BCE2A00448E2C /* ScarletUICheckbox.swift in Sources */ = {isa = PBXBuildFile; fileRef = 625E3A33234BCE2A00448E2C /* ScarletUICheckbox.swift */; };
		625E3A36234BCE7F00448E2C /* Checkbox.swift in Sources */ = {isa = PBXBuildFile; fileRef = 625E3A35234BCE7F00448E2C /* Checkbox.swift */; };
		627A3B342347C97000D89621 /* ScarletUIButton.swift in Sources */ = {isa = PBXBuildFile; fileRef = 627A3B332347C97000D89621 /* ScarletUIButton.swift */; };
		627A3B362347CB1100D89621 /* ScarletUITextField.swift in Sources */ = {isa = PBXBuildFile; fileRef = 627A3B352347CB1100D89621 /* ScarletUITextField.swift */; };
		627A3B3B2347D07D00D89621 /* ScarletView.swift in Sources */ = {isa = PBXBuildFile; fileRef = DEDCCBF92346A405002F0C22 /* ScarletView.swift */; };
		628AD618233E4C4C0042538E /* textfields.json in Resources */ = {isa = PBXBuildFile; fileRef = 628AD615233E4C4C0042538E /* textfields.json */; };
		628AD619233E4C4C0042538E /* buttons.json in Resources */ = {isa = PBXBuildFile; fileRef = 628AD616233E4C4C0042538E /* buttons.json */; };
		628AD61A233E4C4C0042538E /* marketing_form.json in Resources */ = {isa = PBXBuildFile; fileRef = 628AD617233E4C4C0042538E /* marketing_form.json */; };
		62A786E92356049A0025FAD4 /* benchmark.lisp in Resources */ = {isa = PBXBuildFile; fileRef = 62A786E82356049A0025FAD4 /* benchmark.lisp */; };
		62A786EB235604F70025FAD4 /* benchmark.json in Resources */ = {isa = PBXBuildFile; fileRef = 62A786EA235604F70025FAD4 /* benchmark.json */; };
		62D8E30E234D1E7C00507E70 /* choicelists.json in Resources */ = {isa = PBXBuildFile; fileRef = 62D8E30D234D1E7C00507E70 /* choicelists.json */; };
		62D8E310234D1F3200507E70 /* ScarletUIChoiceList.swift in Sources */ = {isa = PBXBuildFile; fileRef = 62D8E30F234D1F3200507E70 /* ScarletUIChoiceList.swift */; };
		62D8E312234D1F5000507E70 /* ChoiceList.swift in Sources */ = {isa = PBXBuildFile; fileRef = 62D8E311234D1F5000507E70 /* ChoiceList.swift */; };
		62F945AE234E703100201B0D /* LispDecoder.swift in Sources */ = {isa = PBXBuildFile; fileRef = 62F945AD234E703100201B0D /* LispDecoder.swift */; };
		62F945B2234E71B900201B0D /* simple_components.lisp in Resources */ = {isa = PBXBuildFile; fileRef = 62F945B1234E71B900201B0D /* simple_components.lisp */; };
		62F945B4234E7FEE00201B0D /* SwiftyLisp.swift in Sources */ = {isa = PBXBuildFile; fileRef = 62F945B3234E7FEE00201B0D /* SwiftyLisp.swift */; };
		DE613ABE234620C200090DA4 /* DetailViewController.swift in Sources */ = {isa = PBXBuildFile; fileRef = DE613ABD234620C200090DA4 /* DetailViewController.swift */; };
		DED0185A2346D3F7004E1E95 /* Scarlet.framework in Frameworks */ = {isa = PBXBuildFile; fileRef = DED018512346D3F7004E1E95 /* Scarlet.framework */; };
		DED018612346D3F7004E1E95 /* ScarletTests.swift in Sources */ = {isa = PBXBuildFile; fileRef = DED018602346D3F7004E1E95 /* ScarletTests.swift */; };
		DED018632346D3F7004E1E95 /* Scarlet.h in Headers */ = {isa = PBXBuildFile; fileRef = DED018532346D3F7004E1E95 /* Scarlet.h */; settings = {ATTRIBUTES = (Public, ); }; };
		DED018662346D3F7004E1E95 /* Scarlet.framework in Frameworks */ = {isa = PBXBuildFile; fileRef = DED018512346D3F7004E1E95 /* Scarlet.framework */; };
		DED018672346D3F7004E1E95 /* Scarlet.framework in Embed Frameworks */ = {isa = PBXBuildFile; fileRef = DED018512346D3F7004E1E95 /* Scarlet.framework */; settings = {ATTRIBUTES = (CodeSignOnCopy, RemoveHeadersOnCopy, ); }; };
		DED0186F2346D424004E1E95 /* AcceptsLambdaArgument.swift in Sources */ = {isa = PBXBuildFile; fileRef = 624538C1234288B7006C298B /* AcceptsLambdaArgument.swift */; };
		DED018702346D428004E1E95 /* Lambda.swift in Sources */ = {isa = PBXBuildFile; fileRef = 624538BB234283E0006C298B /* Lambda.swift */; };
		DED018712346D42B004E1E95 /* Alert.swift in Sources */ = {isa = PBXBuildFile; fileRef = 624538C72342893D006C298B /* Alert.swift */; };
		DED018722346D42E004E1E95 /* Get.swift in Sources */ = {isa = PBXBuildFile; fileRef = 624538C323428927006C298B /* Get.swift */; };
		DED018732346D431004E1E95 /* Set.swift in Sources */ = {isa = PBXBuildFile; fileRef = 624538C523428933006C298B /* Set.swift */; };
		DED018742346D434004E1E95 /* Button.swift in Sources */ = {isa = PBXBuildFile; fileRef = 628AD61C233E584A0042538E /* Button.swift */; };
		DED018752346D436004E1E95 /* TextField.swift in Sources */ = {isa = PBXBuildFile; fileRef = 62A81D35233E7FC600F4128E /* TextField.swift */; };
		DED018772346D43C004E1E95 /* ComponentWrapper.swift in Sources */ = {isa = PBXBuildFile; fileRef = 624538C923428F17006C298B /* ComponentWrapper.swift */; };
		DED018782346D44D004E1E95 /* DataStore.swift in Sources */ = {isa = PBXBuildFile; fileRef = 62CD5FBB234642E100208053 /* DataStore.swift */; };
		DED018A5234BBC15004E1E95 /* ScarletViewController.swift in Sources */ = {isa = PBXBuildFile; fileRef = DED018A4234BBC15004E1E95 /* ScarletViewController.swift */; };
/* End PBXBuildFile section */

/* Begin PBXContainerItemProxy section */
		DED0185B2346D3F7004E1E95 /* PBXContainerItemProxy */ = {
			isa = PBXContainerItemProxy;
			containerPortal = 62225837233D4A4D0095B6AC /* Project object */;
			proxyType = 1;
			remoteGlobalIDString = DED018502346D3F7004E1E95;
			remoteInfo = Scarlet;
		};
		DED0185D2346D3F7004E1E95 /* PBXContainerItemProxy */ = {
			isa = PBXContainerItemProxy;
			containerPortal = 62225837233D4A4D0095B6AC /* Project object */;
			proxyType = 1;
			remoteGlobalIDString = 6222583E233D4A4D0095B6AC;
			remoteInfo = "Scarlet Prototype";
		};
		DED018642346D3F7004E1E95 /* PBXContainerItemProxy */ = {
			isa = PBXContainerItemProxy;
			containerPortal = 62225837233D4A4D0095B6AC /* Project object */;
			proxyType = 1;
			remoteGlobalIDString = DED018502346D3F7004E1E95;
			remoteInfo = Scarlet;
		};
/* End PBXContainerItemProxy section */

/* Begin PBXCopyFilesBuildPhase section */
		DED018682346D3F7004E1E95 /* Embed Frameworks */ = {
			isa = PBXCopyFilesBuildPhase;
			buildActionMask = 2147483647;
			dstPath = "";
			dstSubfolderSpec = 10;
			files = (
				DED018672346D3F7004E1E95 /* Scarlet.framework in Embed Frameworks */,
			);
			name = "Embed Frameworks";
			runOnlyForDeploymentPostprocessing = 0;
		};
/* End PBXCopyFilesBuildPhase section */

/* Begin PBXFileReference section */
		620AAFC82350DA9100841510 /* StringHelper.swift */ = {isa = PBXFileReference; lastKnownFileType = sourcecode.swift; path = StringHelper.swift; sourceTree = "<group>"; };
		6222583F233D4A4D0095B6AC /* AppExtensions.app */ = {isa = PBXFileReference; explicitFileType = wrapper.application; includeInIndex = 0; path = AppExtensions.app; sourceTree = BUILT_PRODUCTS_DIR; };
		62225842233D4A4D0095B6AC /* AppDelegate.swift */ = {isa = PBXFileReference; lastKnownFileType = sourcecode.swift; path = AppDelegate.swift; sourceTree = "<group>"; };
		62225844233D4A4D0095B6AC /* ListViewController.swift */ = {isa = PBXFileReference; lastKnownFileType = sourcecode.swift; path = ListViewController.swift; sourceTree = "<group>"; };
		62225849233D4A4F0095B6AC /* Assets.xcassets */ = {isa = PBXFileReference; lastKnownFileType = folder.assetcatalog; path = Assets.xcassets; sourceTree = "<group>"; };
		6222584C233D4A4F0095B6AC /* Base */ = {isa = PBXFileReference; lastKnownFileType = file.storyboard; name = Base; path = Base.lproj/LaunchScreen.storyboard; sourceTree = "<group>"; };
		6222584E233D4A4F0095B6AC /* Info.plist */ = {isa = PBXFileReference; lastKnownFileType = text.plist.xml; path = Info.plist; sourceTree = "<group>"; };
		62406A6D234BAC9500136E15 /* Label.swift */ = {isa = PBXFileReference; lastKnownFileType = sourcecode.swift; path = Label.swift; sourceTree = "<group>"; };
		62406A6F234BAFBB00136E15 /* ScarletUILabel.swift */ = {isa = PBXFileReference; lastKnownFileType = sourcecode.swift; path = ScarletUILabel.swift; sourceTree = "<group>"; };
		62406A71234BB12D00136E15 /* labels.json */ = {isa = PBXFileReference; lastKnownFileType = text.json; path = labels.json; sourceTree = "<group>"; };
		624538BB234283E0006C298B /* Lambda.swift */ = {isa = PBXFileReference; lastKnownFileType = sourcecode.swift; path = Lambda.swift; sourceTree = "<group>"; };
		624538C1234288B7006C298B /* AcceptsLambdaArgument.swift */ = {isa = PBXFileReference; lastKnownFileType = sourcecode.swift; path = AcceptsLambdaArgument.swift; sourceTree = "<group>"; };
		624538C323428927006C298B /* Get.swift */ = {isa = PBXFileReference; lastKnownFileType = sourcecode.swift; path = Get.swift; sourceTree = "<group>"; };
		624538C523428933006C298B /* Set.swift */ = {isa = PBXFileReference; lastKnownFileType = sourcecode.swift; path = Set.swift; sourceTree = "<group>"; };
		624538C72342893D006C298B /* Alert.swift */ = {isa = PBXFileReference; lastKnownFileType = sourcecode.swift; path = Alert.swift; sourceTree = "<group>"; };
		624538C923428F17006C298B /* ComponentWrapper.swift */ = {isa = PBXFileReference; lastKnownFileType = sourcecode.swift; path = ComponentWrapper.swift; sourceTree = "<group>"; };
		624538CD23429805006C298B /* textfield_with_button.json */ = {isa = PBXFileReference; fileEncoding = 4; lastKnownFileType = text.json; path = textfield_with_button.json; sourceTree = "<group>"; };
		625BD09A234E1FFF00C72258 /* Card.swift */ = {isa = PBXFileReference; lastKnownFileType = sourcecode.swift; path = Card.swift; sourceTree = "<group>"; };
		625BD09C234E22FD00C72258 /* cards.json */ = {isa = PBXFileReference; lastKnownFileType = text.json; path = cards.json; sourceTree = "<group>"; };
		625BD09E234E23B300C72258 /* ScarletUICard.swift */ = {isa = PBXFileReference; lastKnownFileType = sourcecode.swift; path = ScarletUICard.swift; sourceTree = "<group>"; };
		625BD0A1234E2FC900C72258 /* LabelType.swift */ = {isa = PBXFileReference; lastKnownFileType = sourcecode.swift; path = LabelType.swift; sourceTree = "<group>"; };
		625E3A31234BCDF100448E2C /* checkboxes.json */ = {isa = PBXFileReference; lastKnownFileType = text.json; path = checkboxes.json; sourceTree = "<group>"; };
		625E3A33234BCE2A00448E2C /* ScarletUICheckbox.swift */ = {isa = PBXFileReference; lastKnownFileType = sourcecode.swift; path = ScarletUICheckbox.swift; sourceTree = "<group>"; };
		625E3A35234BCE7F00448E2C /* Checkbox.swift */ = {isa = PBXFileReference; lastKnownFileType = sourcecode.swift; path = Checkbox.swift; sourceTree = "<group>"; };
		627A3B332347C97000D89621 /* ScarletUIButton.swift */ = {isa = PBXFileReference; lastKnownFileType = sourcecode.swift; path = ScarletUIButton.swift; sourceTree = "<group>"; };
		627A3B352347CB1100D89621 /* ScarletUITextField.swift */ = {isa = PBXFileReference; lastKnownFileType = sourcecode.swift; path = ScarletUITextField.swift; sourceTree = "<group>"; };
		628AD615233E4C4C0042538E /* textfields.json */ = {isa = PBXFileReference; fileEncoding = 4; lastKnownFileType = text.json; path = textfields.json; sourceTree = "<group>"; };
		628AD616233E4C4C0042538E /* buttons.json */ = {isa = PBXFileReference; fileEncoding = 4; lastKnownFileType = text.json; path = buttons.json; sourceTree = "<group>"; };
		628AD617233E4C4C0042538E /* marketing_form.json */ = {isa = PBXFileReference; fileEncoding = 4; lastKnownFileType = text.json; path = marketing_form.json; sourceTree = "<group>"; };
		628AD61C233E584A0042538E /* Button.swift */ = {isa = PBXFileReference; lastKnownFileType = sourcecode.swift; path = Button.swift; sourceTree = "<group>"; };
		62A786E82356049A0025FAD4 /* benchmark.lisp */ = {isa = PBXFileReference; lastKnownFileType = text; path = benchmark.lisp; sourceTree = "<group>"; };
		62A786EA235604F70025FAD4 /* benchmark.json */ = {isa = PBXFileReference; lastKnownFileType = text.json; path = benchmark.json; sourceTree = "<group>"; };
		62A81D35233E7FC600F4128E /* TextField.swift */ = {isa = PBXFileReference; lastKnownFileType = sourcecode.swift; path = TextField.swift; sourceTree = "<group>"; };
		62CD5FBB234642E100208053 /* DataStore.swift */ = {isa = PBXFileReference; lastKnownFileType = sourcecode.swift; path = DataStore.swift; sourceTree = "<group>"; };
		62D8E30D234D1E7C00507E70 /* choicelists.json */ = {isa = PBXFileReference; lastKnownFileType = text.json; path = choicelists.json; sourceTree = "<group>"; };
		62D8E30F234D1F3200507E70 /* ScarletUIChoiceList.swift */ = {isa = PBXFileReference; lastKnownFileType = sourcecode.swift; path = ScarletUIChoiceList.swift; sourceTree = "<group>"; };
		62D8E311234D1F5000507E70 /* ChoiceList.swift */ = {isa = PBXFileReference; lastKnownFileType = sourcecode.swift; path = ChoiceList.swift; sourceTree = "<group>"; };
		62F945AD234E703100201B0D /* LispDecoder.swift */ = {isa = PBXFileReference; lastKnownFileType = sourcecode.swift; path = LispDecoder.swift; sourceTree = "<group>"; };
		62F945B1234E71B900201B0D /* simple_components.lisp */ = {isa = PBXFileReference; lastKnownFileType = text; path = simple_components.lisp; sourceTree = "<group>"; };
		62F945B3234E7FEE00201B0D /* SwiftyLisp.swift */ = {isa = PBXFileReference; lastKnownFileType = sourcecode.swift; path = SwiftyLisp.swift; sourceTree = "<group>"; };
		DE613ABD234620C200090DA4 /* DetailViewController.swift */ = {isa = PBXFileReference; lastKnownFileType = sourcecode.swift; path = DetailViewController.swift; sourceTree = "<group>"; };
		DED018512346D3F7004E1E95 /* Scarlet.framework */ = {isa = PBXFileReference; explicitFileType = wrapper.framework; includeInIndex = 0; path = Scarlet.framework; sourceTree = BUILT_PRODUCTS_DIR; };
		DED018532346D3F7004E1E95 /* Scarlet.h */ = {isa = PBXFileReference; lastKnownFileType = sourcecode.c.h; path = Scarlet.h; sourceTree = "<group>"; };
		DED018542346D3F7004E1E95 /* Info.plist */ = {isa = PBXFileReference; lastKnownFileType = text.plist.xml; path = Info.plist; sourceTree = "<group>"; };
		DED018592346D3F7004E1E95 /* ScarletTests.xctest */ = {isa = PBXFileReference; explicitFileType = wrapper.cfbundle; includeInIndex = 0; path = ScarletTests.xctest; sourceTree = BUILT_PRODUCTS_DIR; };
		DED018602346D3F7004E1E95 /* ScarletTests.swift */ = {isa = PBXFileReference; lastKnownFileType = sourcecode.swift; path = ScarletTests.swift; sourceTree = "<group>"; };
		DED018622346D3F7004E1E95 /* Info.plist */ = {isa = PBXFileReference; lastKnownFileType = text.plist.xml; path = Info.plist; sourceTree = "<group>"; };
		DED018A4234BBC15004E1E95 /* ScarletViewController.swift */ = {isa = PBXFileReference; lastKnownFileType = sourcecode.swift; path = ScarletViewController.swift; sourceTree = "<group>"; };
		DEDCCBF92346A405002F0C22 /* ScarletView.swift */ = {isa = PBXFileReference; lastKnownFileType = sourcecode.swift; path = ScarletView.swift; sourceTree = "<group>"; };
/* End PBXFileReference section */

/* Begin PBXFrameworksBuildPhase section */
		6222583C233D4A4D0095B6AC /* Frameworks */ = {
			isa = PBXFrameworksBuildPhase;
			buildActionMask = 2147483647;
			files = (
				DED018662346D3F7004E1E95 /* Scarlet.framework in Frameworks */,
			);
			runOnlyForDeploymentPostprocessing = 0;
		};
		DED0184E2346D3F7004E1E95 /* Frameworks */ = {
			isa = PBXFrameworksBuildPhase;
			buildActionMask = 2147483647;
			files = (
			);
			runOnlyForDeploymentPostprocessing = 0;
		};
		DED018562346D3F7004E1E95 /* Frameworks */ = {
			isa = PBXFrameworksBuildPhase;
			buildActionMask = 2147483647;
			files = (
				DED0185A2346D3F7004E1E95 /* Scarlet.framework in Frameworks */,
			);
			runOnlyForDeploymentPostprocessing = 0;
		};
/* End PBXFrameworksBuildPhase section */

/* Begin PBXGroup section */
		62225836233D4A4D0095B6AC = {
			isa = PBXGroup;
			children = (
				62225841233D4A4D0095B6AC /* Scarlet Prototype */,
				DED018522346D3F7004E1E95 /* Scarlet */,
				DED0185F2346D3F7004E1E95 /* ScarletTests */,
				62225840233D4A4D0095B6AC /* Products */,
			);
			sourceTree = "<group>";
		};
		62225840233D4A4D0095B6AC /* Products */ = {
			isa = PBXGroup;
			children = (
				6222583F233D4A4D0095B6AC /* AppExtensions.app */,
				DED018512346D3F7004E1E95 /* Scarlet.framework */,
				DED018592346D3F7004E1E95 /* ScarletTests.xctest */,
			);
			name = Products;
			sourceTree = "<group>";
		};
		62225841233D4A4D0095B6AC /* Scarlet Prototype */ = {
			isa = PBXGroup;
			children = (
				DE613ABC234548D700090DA4 /* Payloads */,
				627A3B322347C96100D89621 /* Views */,
				DED018A6234BC49A004E1E95 /* View Controllers */,
				62225842233D4A4D0095B6AC /* AppDelegate.swift */,
				62225849233D4A4F0095B6AC /* Assets.xcassets */,
				6222584B233D4A4F0095B6AC /* LaunchScreen.storyboard */,
				6222584E233D4A4F0095B6AC /* Info.plist */,
			);
			path = "Scarlet Prototype";
			sourceTree = "<group>";
		};
		624538B923428021006C298B /* Components */ = {
			isa = PBXGroup;
			children = (
				625BD0A0234E2FBA00C72258 /* Helpers */,
				628AD61C233E584A0042538E /* Button.swift */,
				62A81D35233E7FC600F4128E /* TextField.swift */,
				62406A6D234BAC9500136E15 /* Label.swift */,
				625E3A35234BCE7F00448E2C /* Checkbox.swift */,
				62D8E311234D1F5000507E70 /* ChoiceList.swift */,
				625BD09A234E1FFF00C72258 /* Card.swift */,
			);
			path = Components;
			sourceTree = "<group>";
		};
		624538BA2342802E006C298B /* Actions */ = {
			isa = PBXGroup;
			children = (
				624538C1234288B7006C298B /* AcceptsLambdaArgument.swift */,
				624538BB234283E0006C298B /* Lambda.swift */,
				624538C72342893D006C298B /* Alert.swift */,
				624538C323428927006C298B /* Get.swift */,
				624538C523428933006C298B /* Set.swift */,
			);
			path = Actions;
			sourceTree = "<group>";
		};
		625BD0A0234E2FBA00C72258 /* Helpers */ = {
			isa = PBXGroup;
			children = (
				624538C923428F17006C298B /* ComponentWrapper.swift */,
				625BD0A1234E2FC900C72258 /* LabelType.swift */,
			);
			path = Helpers;
			sourceTree = "<group>";
		};
		627A3B322347C96100D89621 /* Views */ = {
			isa = PBXGroup;
			children = (
				DEDCCBF92346A405002F0C22 /* ScarletView.swift */,
				62406A6F234BAFBB00136E15 /* ScarletUILabel.swift */,
				627A3B332347C97000D89621 /* ScarletUIButton.swift */,
				627A3B352347CB1100D89621 /* ScarletUITextField.swift */,
				625E3A33234BCE2A00448E2C /* ScarletUICheckbox.swift */,
				62D8E30F234D1F3200507E70 /* ScarletUIChoiceList.swift */,
				625BD09E234E23B300C72258 /* ScarletUICard.swift */,
			);
			path = Views;
			sourceTree = "<group>";
		};
		62F945AC234E702200201B0D /* Lisp */ = {
			isa = PBXGroup;
			children = (
				62F945AD234E703100201B0D /* LispDecoder.swift */,
				62F945B3234E7FEE00201B0D /* SwiftyLisp.swift */,
				620AAFC82350DA9100841510 /* StringHelper.swift */,
			);
			path = Lisp;
			sourceTree = "<group>";
		};
		62F945AF234E718300201B0D /* JSON */ = {
			isa = PBXGroup;
			children = (
				628AD615233E4C4C0042538E /* textfields.json */,
				628AD616233E4C4C0042538E /* buttons.json */,
				624538CD23429805006C298B /* textfield_with_button.json */,
				628AD617233E4C4C0042538E /* marketing_form.json */,
				62406A71234BB12D00136E15 /* labels.json */,
				625E3A31234BCDF100448E2C /* checkboxes.json */,
				62D8E30D234D1E7C00507E70 /* choicelists.json */,
				625BD09C234E22FD00C72258 /* cards.json */,
				62A786EA235604F70025FAD4 /* benchmark.json */,
			);
			path = JSON;
			sourceTree = "<group>";
		};
		62F945B0234E719900201B0D /* Lisp */ = {
			isa = PBXGroup;
			children = (
				62F945B1234E71B900201B0D /* simple_components.lisp */,
				62A786E82356049A0025FAD4 /* benchmark.lisp */,
			);
			path = Lisp;
			sourceTree = "<group>";
		};
		DE613ABC234548D700090DA4 /* Payloads */ = {
			isa = PBXGroup;
			children = (
				62F945B0234E719900201B0D /* Lisp */,
				62F945AF234E718300201B0D /* JSON */,
			);
			path = Payloads;
			sourceTree = "<group>";
		};
		DED018522346D3F7004E1E95 /* Scarlet */ = {
			isa = PBXGroup;
			children = (
				62F945AC234E702200201B0D /* Lisp */,
				624538BA2342802E006C298B /* Actions */,
				624538B923428021006C298B /* Components */,
				DED018532346D3F7004E1E95 /* Scarlet.h */,
				62CD5FBB234642E100208053 /* DataStore.swift */,
				DED018542346D3F7004E1E95 /* Info.plist */,
			);
			path = Scarlet;
			sourceTree = "<group>";
		};
		DED0185F2346D3F7004E1E95 /* ScarletTests */ = {
			isa = PBXGroup;
			children = (
				DED018602346D3F7004E1E95 /* ScarletTests.swift */,
				DED018622346D3F7004E1E95 /* Info.plist */,
			);
			path = ScarletTests;
			sourceTree = "<group>";
		};
		DED018A6234BC49A004E1E95 /* View Controllers */ = {
			isa = PBXGroup;
			children = (
				DED018A4234BBC15004E1E95 /* ScarletViewController.swift */,
				62225844233D4A4D0095B6AC /* ListViewController.swift */,
				DE613ABD234620C200090DA4 /* DetailViewController.swift */,
			);
			path = "View Controllers";
			sourceTree = "<group>";
		};
/* End PBXGroup section */

/* Begin PBXHeadersBuildPhase section */
		DED0184C2346D3F7004E1E95 /* Headers */ = {
			isa = PBXHeadersBuildPhase;
			buildActionMask = 2147483647;
			files = (
				DED018632346D3F7004E1E95 /* Scarlet.h in Headers */,
			);
			runOnlyForDeploymentPostprocessing = 0;
		};
/* End PBXHeadersBuildPhase section */

/* Begin PBXNativeTarget section */
		6222583E233D4A4D0095B6AC /* AppExtensions */ = {
			isa = PBXNativeTarget;
			buildConfigurationList = 62225851233D4A4F0095B6AC /* Build configuration list for PBXNativeTarget "AppExtensions" */;
			buildPhases = (
				6222583B233D4A4D0095B6AC /* Sources */,
				6222583C233D4A4D0095B6AC /* Frameworks */,
				6222583D233D4A4D0095B6AC /* Resources */,
				DED018682346D3F7004E1E95 /* Embed Frameworks */,
			);
			buildRules = (
			);
			dependencies = (
				DED018652346D3F7004E1E95 /* PBXTargetDependency */,
			);
			name = AppExtensions;
			productName = "Scarlet Prototype";
			productReference = 6222583F233D4A4D0095B6AC /* AppExtensions.app */;
			productType = "com.apple.product-type.application";
		};
		DED018502346D3F7004E1E95 /* Scarlet */ = {
			isa = PBXNativeTarget;
			buildConfigurationList = DED0186D2346D3F7004E1E95 /* Build configuration list for PBXNativeTarget "Scarlet" */;
			buildPhases = (
				DED0184C2346D3F7004E1E95 /* Headers */,
				DED0184D2346D3F7004E1E95 /* Sources */,
				DED0184E2346D3F7004E1E95 /* Frameworks */,
				DED0184F2346D3F7004E1E95 /* Resources */,
			);
			buildRules = (
			);
			dependencies = (
			);
			name = Scarlet;
			productName = Scarlet;
			productReference = DED018512346D3F7004E1E95 /* Scarlet.framework */;
			productType = "com.apple.product-type.framework";
		};
		DED018582346D3F7004E1E95 /* ScarletTests */ = {
			isa = PBXNativeTarget;
			buildConfigurationList = DED0186E2346D3F7004E1E95 /* Build configuration list for PBXNativeTarget "ScarletTests" */;
			buildPhases = (
				DED018552346D3F7004E1E95 /* Sources */,
				DED018562346D3F7004E1E95 /* Frameworks */,
				DED018572346D3F7004E1E95 /* Resources */,
			);
			buildRules = (
			);
			dependencies = (
				DED0185C2346D3F7004E1E95 /* PBXTargetDependency */,
				DED0185E2346D3F7004E1E95 /* PBXTargetDependency */,
			);
			name = ScarletTests;
			productName = ScarletTests;
			productReference = DED018592346D3F7004E1E95 /* ScarletTests.xctest */;
			productType = "com.apple.product-type.bundle.unit-test";
		};
/* End PBXNativeTarget section */

/* Begin PBXProject section */
		62225837233D4A4D0095B6AC /* Project object */ = {
			isa = PBXProject;
			attributes = {
				LastSwiftUpdateCheck = 1100;
				LastUpgradeCheck = 1030;
				ORGANIZATIONNAME = Shopify;
				TargetAttributes = {
					6222583E233D4A4D0095B6AC = {
						CreatedOnToolsVersion = 10.3;
					};
					DED018502346D3F7004E1E95 = {
						CreatedOnToolsVersion = 11.0;
					};
					DED018582346D3F7004E1E95 = {
						CreatedOnToolsVersion = 11.0;
						TestTargetID = 6222583E233D4A4D0095B6AC;
					};
				};
			};
			buildConfigurationList = 6222583A233D4A4D0095B6AC /* Build configuration list for PBXProject "AppExtensions" */;
			compatibilityVersion = "Xcode 9.3";
			developmentRegion = en;
			hasScannedForEncodings = 0;
			knownRegions = (
				en,
				Base,
			);
			mainGroup = 62225836233D4A4D0095B6AC;
			productRefGroup = 62225840233D4A4D0095B6AC /* Products */;
			projectDirPath = "";
			projectRoot = "";
			targets = (
				6222583E233D4A4D0095B6AC /* AppExtensions */,
				DED018502346D3F7004E1E95 /* Scarlet */,
				DED018582346D3F7004E1E95 /* ScarletTests */,
			);
		};
/* End PBXProject section */

/* Begin PBXResourcesBuildPhase section */
		6222583D233D4A4D0095B6AC /* Resources */ = {
			isa = PBXResourcesBuildPhase;
			buildActionMask = 2147483647;
			files = (
				624538CE23429805006C298B /* textfield_with_button.json in Resources */,
				6222584D233D4A4F0095B6AC /* LaunchScreen.storyboard in Resources */,
				6222584A233D4A4F0095B6AC /* Assets.xcassets in Resources */,
				62A786E92356049A0025FAD4 /* benchmark.lisp in Resources */,
				62F945B2234E71B900201B0D /* simple_components.lisp in Resources */,
				625BD09D234E22FD00C72258 /* cards.json in Resources */,
				62406A72234BB12D00136E15 /* labels.json in Resources */,
				62A786EB235604F70025FAD4 /* benchmark.json in Resources */,
				628AD61A233E4C4C0042538E /* marketing_form.json in Resources */,
				628AD619233E4C4C0042538E /* buttons.json in Resources */,
				625E3A32234BCDF100448E2C /* checkboxes.json in Resources */,
				628AD618233E4C4C0042538E /* textfields.json in Resources */,
				62D8E30E234D1E7C00507E70 /* choicelists.json in Resources */,
			);
			runOnlyForDeploymentPostprocessing = 0;
		};
		DED0184F2346D3F7004E1E95 /* Resources */ = {
			isa = PBXResourcesBuildPhase;
			buildActionMask = 2147483647;
			files = (
			);
			runOnlyForDeploymentPostprocessing = 0;
		};
		DED018572346D3F7004E1E95 /* Resources */ = {
			isa = PBXResourcesBuildPhase;
			buildActionMask = 2147483647;
			files = (
			);
			runOnlyForDeploymentPostprocessing = 0;
		};
/* End PBXResourcesBuildPhase section */

/* Begin PBXSourcesBuildPhase section */
		6222583B233D4A4D0095B6AC /* Sources */ = {
			isa = PBXSourcesBuildPhase;
			buildActionMask = 2147483647;
			files = (
				627A3B342347C97000D89621 /* ScarletUIButton.swift in Sources */,
				DE613ABE234620C200090DA4 /* DetailViewController.swift in Sources */,
				62225845233D4A4D0095B6AC /* ListViewController.swift in Sources */,
				DED018A5234BBC15004E1E95 /* ScarletViewController.swift in Sources */,
				62406A70234BAFBB00136E15 /* ScarletUILabel.swift in Sources */,
				62D8E310234D1F3200507E70 /* ScarletUIChoiceList.swift in Sources */,
				625BD09F234E23B300C72258 /* ScarletUICard.swift in Sources */,
				62225843233D4A4D0095B6AC /* AppDelegate.swift in Sources */,
				627A3B3B2347D07D00D89621 /* ScarletView.swift in Sources */,
				625E3A34234BCE2A00448E2C /* ScarletUICheckbox.swift in Sources */,
				627A3B362347CB1100D89621 /* ScarletUITextField.swift in Sources */,
			);
			runOnlyForDeploymentPostprocessing = 0;
		};
		DED0184D2346D3F7004E1E95 /* Sources */ = {
			isa = PBXSourcesBuildPhase;
			buildActionMask = 2147483647;
			files = (
				DED018742346D434004E1E95 /* Button.swift in Sources */,
				DED018712346D42B004E1E95 /* Alert.swift in Sources */,
				62D8E312234D1F5000507E70 /* ChoiceList.swift in Sources */,
				62F945AE234E703100201B0D /* LispDecoder.swift in Sources */,
				62406A6E234BAC9500136E15 /* Label.swift in Sources */,
				625BD09B234E1FFF00C72258 /* Card.swift in Sources */,
				DED018782346D44D004E1E95 /* DataStore.swift in Sources */,
				DED018752346D436004E1E95 /* TextField.swift in Sources */,
				620AAFC92350DA9100841510 /* StringHelper.swift in Sources */,
				DED018722346D42E004E1E95 /* Get.swift in Sources */,
				62F945B4234E7FEE00201B0D /* SwiftyLisp.swift in Sources */,
				625BD0A2234E2FC900C72258 /* LabelType.swift in Sources */,
				DED0186F2346D424004E1E95 /* AcceptsLambdaArgument.swift in Sources */,
				DED018702346D428004E1E95 /* Lambda.swift in Sources */,
				DED018772346D43C004E1E95 /* ComponentWrapper.swift in Sources */,
				DED018732346D431004E1E95 /* Set.swift in Sources */,
				625E3A36234BCE7F00448E2C /* Checkbox.swift in Sources */,
			);
			runOnlyForDeploymentPostprocessing = 0;
		};
		DED018552346D3F7004E1E95 /* Sources */ = {
			isa = PBXSourcesBuildPhase;
			buildActionMask = 2147483647;
			files = (
				DED018612346D3F7004E1E95 /* ScarletTests.swift in Sources */,
			);
			runOnlyForDeploymentPostprocessing = 0;
		};
/* End PBXSourcesBuildPhase section */

/* Begin PBXTargetDependency section */
		DED0185C2346D3F7004E1E95 /* PBXTargetDependency */ = {
			isa = PBXTargetDependency;
			target = DED018502346D3F7004E1E95 /* Scarlet */;
			targetProxy = DED0185B2346D3F7004E1E95 /* PBXContainerItemProxy */;
		};
		DED0185E2346D3F7004E1E95 /* PBXTargetDependency */ = {
			isa = PBXTargetDependency;
			target = 6222583E233D4A4D0095B6AC /* AppExtensions */;
			targetProxy = DED0185D2346D3F7004E1E95 /* PBXContainerItemProxy */;
		};
		DED018652346D3F7004E1E95 /* PBXTargetDependency */ = {
			isa = PBXTargetDependency;
			target = DED018502346D3F7004E1E95 /* Scarlet */;
			targetProxy = DED018642346D3F7004E1E95 /* PBXContainerItemProxy */;
		};
/* End PBXTargetDependency section */

/* Begin PBXVariantGroup section */
		6222584B233D4A4F0095B6AC /* LaunchScreen.storyboard */ = {
			isa = PBXVariantGroup;
			children = (
				6222584C233D4A4F0095B6AC /* Base */,
			);
			name = LaunchScreen.storyboard;
			sourceTree = "<group>";
		};
/* End PBXVariantGroup section */

/* Begin XCBuildConfiguration section */
		6222584F233D4A4F0095B6AC /* Debug */ = {
			isa = XCBuildConfiguration;
			buildSettings = {
				ALWAYS_SEARCH_USER_PATHS = NO;
				CLANG_ANALYZER_NONNULL = YES;
				CLANG_ANALYZER_NUMBER_OBJECT_CONVERSION = YES_AGGRESSIVE;
				CLANG_CXX_LANGUAGE_STANDARD = "gnu++14";
				CLANG_CXX_LIBRARY = "libc++";
				CLANG_ENABLE_MODULES = YES;
				CLANG_ENABLE_OBJC_ARC = YES;
				CLANG_ENABLE_OBJC_WEAK = YES;
				CLANG_WARN_BLOCK_CAPTURE_AUTORELEASING = YES;
				CLANG_WARN_BOOL_CONVERSION = YES;
				CLANG_WARN_COMMA = YES;
				CLANG_WARN_CONSTANT_CONVERSION = YES;
				CLANG_WARN_DEPRECATED_OBJC_IMPLEMENTATIONS = YES;
				CLANG_WARN_DIRECT_OBJC_ISA_USAGE = YES_ERROR;
				CLANG_WARN_DOCUMENTATION_COMMENTS = YES;
				CLANG_WARN_EMPTY_BODY = YES;
				CLANG_WARN_ENUM_CONVERSION = YES;
				CLANG_WARN_INFINITE_RECURSION = YES;
				CLANG_WARN_INT_CONVERSION = YES;
				CLANG_WARN_NON_LITERAL_NULL_CONVERSION = YES;
				CLANG_WARN_OBJC_IMPLICIT_RETAIN_SELF = YES;
				CLANG_WARN_OBJC_LITERAL_CONVERSION = YES;
				CLANG_WARN_OBJC_ROOT_CLASS = YES_ERROR;
				CLANG_WARN_RANGE_LOOP_ANALYSIS = YES;
				CLANG_WARN_STRICT_PROTOTYPES = YES;
				CLANG_WARN_SUSPICIOUS_MOVE = YES;
				CLANG_WARN_UNGUARDED_AVAILABILITY = YES_AGGRESSIVE;
				CLANG_WARN_UNREACHABLE_CODE = YES;
				CLANG_WARN__DUPLICATE_METHOD_MATCH = YES;
				CODE_SIGN_IDENTITY = "iPhone Developer";
				COPY_PHASE_STRIP = NO;
				DEBUG_INFORMATION_FORMAT = dwarf;
				ENABLE_STRICT_OBJC_MSGSEND = YES;
				ENABLE_TESTABILITY = YES;
				GCC_C_LANGUAGE_STANDARD = gnu11;
				GCC_DYNAMIC_NO_PIC = NO;
				GCC_NO_COMMON_BLOCKS = YES;
				GCC_OPTIMIZATION_LEVEL = 0;
				GCC_PREPROCESSOR_DEFINITIONS = (
					"DEBUG=1",
					"$(inherited)",
				);
				GCC_WARN_64_TO_32_BIT_CONVERSION = YES;
				GCC_WARN_ABOUT_RETURN_TYPE = YES_ERROR;
				GCC_WARN_UNDECLARED_SELECTOR = YES;
				GCC_WARN_UNINITIALIZED_AUTOS = YES_AGGRESSIVE;
				GCC_WARN_UNUSED_FUNCTION = YES;
				GCC_WARN_UNUSED_VARIABLE = YES;
				IPHONEOS_DEPLOYMENT_TARGET = 12.4;
				MTL_ENABLE_DEBUG_INFO = INCLUDE_SOURCE;
				MTL_FAST_MATH = YES;
				ONLY_ACTIVE_ARCH = YES;
				SDKROOT = iphoneos;
				SWIFT_ACTIVE_COMPILATION_CONDITIONS = DEBUG;
				SWIFT_OPTIMIZATION_LEVEL = "-Onone";
			};
			name = Debug;
		};
		62225850233D4A4F0095B6AC /* Release */ = {
			isa = XCBuildConfiguration;
			buildSettings = {
				ALWAYS_SEARCH_USER_PATHS = NO;
				CLANG_ANALYZER_NONNULL = YES;
				CLANG_ANALYZER_NUMBER_OBJECT_CONVERSION = YES_AGGRESSIVE;
				CLANG_CXX_LANGUAGE_STANDARD = "gnu++14";
				CLANG_CXX_LIBRARY = "libc++";
				CLANG_ENABLE_MODULES = YES;
				CLANG_ENABLE_OBJC_ARC = YES;
				CLANG_ENABLE_OBJC_WEAK = YES;
				CLANG_WARN_BLOCK_CAPTURE_AUTORELEASING = YES;
				CLANG_WARN_BOOL_CONVERSION = YES;
				CLANG_WARN_COMMA = YES;
				CLANG_WARN_CONSTANT_CONVERSION = YES;
				CLANG_WARN_DEPRECATED_OBJC_IMPLEMENTATIONS = YES;
				CLANG_WARN_DIRECT_OBJC_ISA_USAGE = YES_ERROR;
				CLANG_WARN_DOCUMENTATION_COMMENTS = YES;
				CLANG_WARN_EMPTY_BODY = YES;
				CLANG_WARN_ENUM_CONVERSION = YES;
				CLANG_WARN_INFINITE_RECURSION = YES;
				CLANG_WARN_INT_CONVERSION = YES;
				CLANG_WARN_NON_LITERAL_NULL_CONVERSION = YES;
				CLANG_WARN_OBJC_IMPLICIT_RETAIN_SELF = YES;
				CLANG_WARN_OBJC_LITERAL_CONVERSION = YES;
				CLANG_WARN_OBJC_ROOT_CLASS = YES_ERROR;
				CLANG_WARN_RANGE_LOOP_ANALYSIS = YES;
				CLANG_WARN_STRICT_PROTOTYPES = YES;
				CLANG_WARN_SUSPICIOUS_MOVE = YES;
				CLANG_WARN_UNGUARDED_AVAILABILITY = YES_AGGRESSIVE;
				CLANG_WARN_UNREACHABLE_CODE = YES;
				CLANG_WARN__DUPLICATE_METHOD_MATCH = YES;
				CODE_SIGN_IDENTITY = "iPhone Developer";
				COPY_PHASE_STRIP = NO;
				DEBUG_INFORMATION_FORMAT = "dwarf-with-dsym";
				ENABLE_NS_ASSERTIONS = NO;
				ENABLE_STRICT_OBJC_MSGSEND = YES;
				GCC_C_LANGUAGE_STANDARD = gnu11;
				GCC_NO_COMMON_BLOCKS = YES;
				GCC_WARN_64_TO_32_BIT_CONVERSION = YES;
				GCC_WARN_ABOUT_RETURN_TYPE = YES_ERROR;
				GCC_WARN_UNDECLARED_SELECTOR = YES;
				GCC_WARN_UNINITIALIZED_AUTOS = YES_AGGRESSIVE;
				GCC_WARN_UNUSED_FUNCTION = YES;
				GCC_WARN_UNUSED_VARIABLE = YES;
				IPHONEOS_DEPLOYMENT_TARGET = 12.4;
				MTL_ENABLE_DEBUG_INFO = NO;
				MTL_FAST_MATH = YES;
				SDKROOT = iphoneos;
				SWIFT_COMPILATION_MODE = wholemodule;
				SWIFT_OPTIMIZATION_LEVEL = "-O";
				VALIDATE_PRODUCT = YES;
			};
			name = Release;
		};
		62225852233D4A4F0095B6AC /* Debug */ = {
			isa = XCBuildConfiguration;
			buildSettings = {
				ALWAYS_EMBED_SWIFT_STANDARD_LIBRARIES = YES;
				ASSETCATALOG_COMPILER_APPICON_NAME = AppIcon;
				CODE_SIGN_STYLE = Automatic;
				INFOPLIST_FILE = "Scarlet Prototype/Info.plist";
				LD_RUNPATH_SEARCH_PATHS = (
					"$(inherited)",
					"@executable_path/Frameworks",
				);
				PRODUCT_BUNDLE_IDENTIFIER = "com.shopify.Scarlet-Prototype";
				PRODUCT_NAME = "$(TARGET_NAME)";
				SWIFT_VERSION = 5.0;
				TARGETED_DEVICE_FAMILY = "1,2";
			};
			name = Debug;
		};
		62225853233D4A4F0095B6AC /* Release */ = {
			isa = XCBuildConfiguration;
			buildSettings = {
				ALWAYS_EMBED_SWIFT_STANDARD_LIBRARIES = YES;
				ASSETCATALOG_COMPILER_APPICON_NAME = AppIcon;
				CODE_SIGN_STYLE = Automatic;
				INFOPLIST_FILE = "Scarlet Prototype/Info.plist";
				LD_RUNPATH_SEARCH_PATHS = (
					"$(inherited)",
					"@executable_path/Frameworks",
				);
				PRODUCT_BUNDLE_IDENTIFIER = "com.shopify.Scarlet-Prototype";
				PRODUCT_NAME = "$(TARGET_NAME)";
				SWIFT_VERSION = 5.0;
				TARGETED_DEVICE_FAMILY = "1,2";
			};
			name = Release;
		};
		DED018692346D3F7004E1E95 /* Debug */ = {
			isa = XCBuildConfiguration;
			buildSettings = {
				CODE_SIGN_STYLE = Automatic;
				CURRENT_PROJECT_VERSION = 1;
				DEFINES_MODULE = YES;
				DYLIB_COMPATIBILITY_VERSION = 1;
				DYLIB_CURRENT_VERSION = 1;
				DYLIB_INSTALL_NAME_BASE = "@rpath";
				INFOPLIST_FILE = Scarlet/Info.plist;
				INSTALL_PATH = "$(LOCAL_LIBRARY_DIR)/Frameworks";
				IPHONEOS_DEPLOYMENT_TARGET = 10.0;
				LD_RUNPATH_SEARCH_PATHS = (
					"$(inherited)",
					"@executable_path/Frameworks",
					"@loader_path/Frameworks",
				);
				PRODUCT_BUNDLE_IDENTIFIER = com.shopify.Scarlet;
				PRODUCT_NAME = "$(TARGET_NAME:c99extidentifier)";
				SKIP_INSTALL = YES;
				SWIFT_VERSION = 5.0;
				TARGETED_DEVICE_FAMILY = "1,2";
				VERSIONING_SYSTEM = "apple-generic";
				VERSION_INFO_PREFIX = "";
			};
			name = Debug;
		};
		DED0186A2346D3F7004E1E95 /* Release */ = {
			isa = XCBuildConfiguration;
			buildSettings = {
				CODE_SIGN_STYLE = Automatic;
				CURRENT_PROJECT_VERSION = 1;
				DEFINES_MODULE = YES;
				DYLIB_COMPATIBILITY_VERSION = 1;
				DYLIB_CURRENT_VERSION = 1;
				DYLIB_INSTALL_NAME_BASE = "@rpath";
				INFOPLIST_FILE = Scarlet/Info.plist;
				INSTALL_PATH = "$(LOCAL_LIBRARY_DIR)/Frameworks";
				IPHONEOS_DEPLOYMENT_TARGET = 10.0;
				LD_RUNPATH_SEARCH_PATHS = (
					"$(inherited)",
					"@executable_path/Frameworks",
					"@loader_path/Frameworks",
				);
				PRODUCT_BUNDLE_IDENTIFIER = com.shopify.Scarlet;
				PRODUCT_NAME = "$(TARGET_NAME:c99extidentifier)";
				SKIP_INSTALL = YES;
				SWIFT_VERSION = 5.0;
				TARGETED_DEVICE_FAMILY = "1,2";
				VERSIONING_SYSTEM = "apple-generic";
				VERSION_INFO_PREFIX = "";
			};
			name = Release;
		};
		DED0186B2346D3F7004E1E95 /* Debug */ = {
			isa = XCBuildConfiguration;
			buildSettings = {
				ALWAYS_EMBED_SWIFT_STANDARD_LIBRARIES = YES;
				CODE_SIGN_STYLE = Automatic;
				INFOPLIST_FILE = ScarletTests/Info.plist;
				IPHONEOS_DEPLOYMENT_TARGET = 13.0;
				LD_RUNPATH_SEARCH_PATHS = (
					"$(inherited)",
					"@executable_path/Frameworks",
					"@loader_path/Frameworks",
				);
				PRODUCT_BUNDLE_IDENTIFIER = com.shopify.ScarletTests;
				PRODUCT_NAME = "$(TARGET_NAME)";
				SWIFT_VERSION = 5.0;
				TARGETED_DEVICE_FAMILY = "1,2";
				TEST_HOST = "$(BUILT_PRODUCTS_DIR)/AppExtensions.app/AppExtensions";
			};
			name = Debug;
		};
		DED0186C2346D3F7004E1E95 /* Release */ = {
			isa = XCBuildConfiguration;
			buildSettings = {
				ALWAYS_EMBED_SWIFT_STANDARD_LIBRARIES = YES;
				CODE_SIGN_STYLE = Automatic;
				INFOPLIST_FILE = ScarletTests/Info.plist;
				IPHONEOS_DEPLOYMENT_TARGET = 13.0;
				LD_RUNPATH_SEARCH_PATHS = (
					"$(inherited)",
					"@executable_path/Frameworks",
					"@loader_path/Frameworks",
				);
				PRODUCT_BUNDLE_IDENTIFIER = com.shopify.ScarletTests;
				PRODUCT_NAME = "$(TARGET_NAME)";
				SWIFT_VERSION = 5.0;
				TARGETED_DEVICE_FAMILY = "1,2";
				TEST_HOST = "$(BUILT_PRODUCTS_DIR)/AppExtensions.app/AppExtensions";
			};
			name = Release;
		};
/* End XCBuildConfiguration section */

/* Begin XCConfigurationList section */
		6222583A233D4A4D0095B6AC /* Build configuration list for PBXProject "AppExtensions" */ = {
			isa = XCConfigurationList;
			buildConfigurations = (
				6222584F233D4A4F0095B6AC /* Debug */,
				62225850233D4A4F0095B6AC /* Release */,
			);
			defaultConfigurationIsVisible = 0;
			defaultConfigurationName = Release;
		};
		62225851233D4A4F0095B6AC /* Build configuration list for PBXNativeTarget "AppExtensions" */ = {
			isa = XCConfigurationList;
			buildConfigurations = (
				62225852233D4A4F0095B6AC /* Debug */,
				62225853233D4A4F0095B6AC /* Release */,
			);
			defaultConfigurationIsVisible = 0;
			defaultConfigurationName = Release;
		};
		DED0186D2346D3F7004E1E95 /* Build configuration list for PBXNativeTarget "Scarlet" */ = {
			isa = XCConfigurationList;
			buildConfigurations = (
				DED018692346D3F7004E1E95 /* Debug */,
				DED0186A2346D3F7004E1E95 /* Release */,
			);
			defaultConfigurationIsVisible = 0;
			defaultConfigurationName = Release;
		};
		DED0186E2346D3F7004E1E95 /* Build configuration list for PBXNativeTarget "ScarletTests" */ = {
			isa = XCConfigurationList;
			buildConfigurations = (
				DED0186B2346D3F7004E1E95 /* Debug */,
				DED0186C2346D3F7004E1E95 /* Release */,
			);
			defaultConfigurationIsVisible = 0;
			defaultConfigurationName = Release;
		};
/* End XCConfigurationList section */
	};
	rootObject = 62225837233D4A4D0095B6AC /* Project object */;
}
