{
  "name": "admin-testing-example",
  "lockfileVersion": 3,
  "requires": true,
  "packages": {
    "../../../packages/ui-extensions": {
      "name": "@shopify/ui-extensions",
      "version": "2026.4.0-rc.1",
      "extraneous": true,
      "license": "MIT",
      "dependencies": {
        "ts-morph": "^25.0.1"
      },
      "devDependencies": {
        "@faker-js/faker": "^8.4.1",
        "@preact/signals": "^2.3.x",
        "@quilted/react-testing": "^0.6.11",
        "@remote-ui/async-subscription": "^2.1.16",
        "@shopify/generate-docs": "https://registry.npmjs.org/@shopify/generate-docs/-/generate-docs-0.19.8.tgz",
        "preact": "^10.10.x",
        "typescript": "^4.9.0"
      },
      "peerDependencies": {
        "@preact/signals": "*",
        "preact": "*"
      },
      "peerDependenciesMeta": {
        "@preact/signals": {
          "optional": true
        },
        "preact": {
          "optional": true
        }
      }
    },
    "../../../packages/ui-extensions-tester": {
      "name": "@shopify/ui-extensions-tester",
      "version": "2026.4.0-rc.1",
      "extraneous": true,
      "license": "MIT",
      "dependencies": {
        "@shopify/ui-extensions": "2026.4.0-rc.1"
      },
      "devDependencies": {
        "typescript": "^4.9.0"
      },
      "peerDependencies": {
        "preact": "^10.0.0"
      },
      "peerDependenciesMeta": {
        "preact": {
          "optional": true
        }
      }
    }
  }
}
