{
  "name": "customer-account-testing-example-ext",
  "version": "1.0.0",
  "lockfileVersion": 3,
  "requires": true,
  "packages": {
    "": {
      "name": "customer-account-testing-example-ext",
      "version": "1.0.0",
      "license": "UNLICENSED",
      "dependencies": {
        "@preact/signals": "^2.3.x",
        "@shopify/ui-extensions": "file:../../../../packages/ui-extensions",
        "preact": "^10.10.x"
      }
    },
    "../../../../packages/ui-extensions": {},
    "node_modules/@preact/signals": {
      "version": "2.7.1",
      "license": "MIT",
      "dependencies": {
        "@preact/signals-core": "^1.13.0"
      },
      "funding": {
        "type": "opencollective",
        "url": "https://opencollective.com/preact"
      },
      "peerDependencies": {
        "preact": ">= 10.25.0 || >=11.0.0-0"
      }
    },
    "node_modules/@preact/signals-core": {
      "version": "1.13.0",
      "resolved": "https://registry.npmjs.org/@preact/signals-core/-/signals-core-1.13.0.tgz",
      "integrity": "sha512-slT6XeTCAbdql61GVLlGU4x7XHI7kCZV5Um5uhE4zLX4ApgiiXc0UYFvVOKq06xcovzp7p+61l68oPi563ARKg==",
      "license": "MIT",
      "funding": {
        "type": "opencollective",
        "url": "https://opencollective.com/preact"
      }
    },
    "node_modules/@shopify/ui-extensions": {
      "resolved": "../../../../packages/ui-extensions",
      "link": true
    },
    "node_modules/preact": {
      "version": "10.28.3",
      "license": "MIT",
      "funding": {
        "type": "opencollective",
        "url": "https://opencollective.com/preact"
      }
    }
  }
}
