# THIS IS AN AUTOGENERATED FILE. DO NOT EDIT THIS FILE DIRECTLY.
# yarn lockfile v1


"@remote-ui/async-subscription@^2.1.9":
  version "2.1.9"
  resolved "https://registry.yarnpkg.com/@remote-ui/async-subscription/-/async-subscription-2.1.9.tgz#84f413e40a8136ba28ee6ee0f946e4c1f85832d7"
  integrity sha512-+5UmqyjQJXLJLOVbEBvfzc/Yt4mV/9J36IGJhCJdpdEmIBde7DjkWBt91eSFxa3+Zx6Enq1unkBl4rqosYgpgw==
  dependencies:
    "@remote-ui/rpc" "^1.3.0"

"@remote-ui/core@^2.1.9":
  version "2.1.9"
  resolved "https://registry.yarnpkg.com/@remote-ui/core/-/core-2.1.9.tgz#dd3c8eee304b5660189c520f5848b9562ec6f7dc"
  integrity sha512-a8HbfrZ1fq7u8/mmlFnmfl3LlQsFA9kkuvBtSnRf82dbUsspCT/y0yU6cN6/3Ek+tsPvuAd06lrlhd5L+VCMNg==
  dependencies:
    "@remote-ui/rpc" "^1.3.0"
    "@remote-ui/types" "^1.1.2"

"@remote-ui/rpc@^1.3.0":
  version "1.3.0"
  resolved "https://registry.yarnpkg.com/@remote-ui/rpc/-/rpc-1.3.0.tgz#e9469803e8024707f096bd52041fdfe61154dac8"
  integrity sha512-tO0nYON8IhErx/DYxufo7ccwnSh1Vo5mS41HAjUQ+fCctNmRABug0tjvCdOq1E6R6JAq1EbxN0U5w+7pYMcaFg==

"@remote-ui/types@^1.1.2":
  version "1.1.2"
  resolved "https://registry.yarnpkg.com/@remote-ui/types/-/types-1.1.2.tgz#ae9219a56bb4bb6ff5aabfacb29a1e71adbd97d4"
  integrity sha512-F2u6McqvHj2c89FHeozQ0O8qbqhOFMMNYR2HqF33mHCMNTEXzUVheCj7laNO1/dGNXwcJHpoWIBNwfChbEfVyA==

reselect@^4.1.5:
  version "4.1.5"
  resolved "https://registry.yarnpkg.com/reselect/-/reselect-4.1.5.tgz#852c361247198da6756d07d9296c2b51eddb79f6"
  integrity sha512-uVdlz8J7OO+ASpBYoz1Zypgx0KasCY20H+N8JD13oUMtPvSHQuscrHop4KbXrbsBcdB9Ds7lVK7eRkBIfO43vQ==
