{
  "name": "point-of-sale-testing-example-ext",
  "version": "1.0.0",
  "lockfileVersion": 3,
  "requires": true,
  "packages": {
    "": {
      "name": "point-of-sale-testing-example-ext",
      "version": "1.0.0",
      "license": "UNLICENSED",
      "dependencies": {
        "@shopify/ui-extensions": "file:../../../../packages/ui-extensions",
        "preact": "^10.10.x"
      }
    },
    "../../../../packages/ui-extensions": {},
    "node_modules/@shopify/ui-extensions": {
      "resolved": "../../../../packages/ui-extensions",
      "link": true
    },
    "node_modules/preact": {
      "version": "10.28.3",
      "resolved": "https://registry.npmjs.org/preact/-/preact-10.28.3.tgz",
      "integrity": "sha512-tCmoRkPQLpBeWzpmbhryairGnhW9tKV6c6gr/w+RhoRoKEJwsjzipwp//1oCpGPOchvSLaAPlpcJi9MwMmoPyA==",
      "license": "MIT",
      "funding": {
        "type": "opencollective",
        "url": "https://opencollective.com/preact"
      }
    }
  }
}
